
Microsoft Visual Studio Solution File, Format Version 12.00
# Visual Studio Version 16
VisualStudioVersion = 16.0.29613.14
MinimumVisualStudioVersion = 10.0.40219.1
Project("{FAE04EC0-301F-11D3-BF4B-00C04F79EFBC}") = "GisGmp", "GisGmp\GisGmp.csproj", "{B4E16544-5B2A-4BDB-AB48-67DFBE389503}"
EndProject
Global
	GlobalSection(SolutionConfigurationPlatforms) = preSolution
		Debug|Any CPU = Debug|Any CPU
		Release|Any CPU = Release|Any CPU
	EndGlobalSection
	GlobalSection(ProjectConfigurationPlatforms) = postSolution
		{B4E16544-5B2A-4BDB-AB48-67DFBE389503}.Debug|Any CPU.ActiveCfg = Debug|Any CPU
		{B4E16544-5B2A-4BDB-AB48-67DFBE389503}.Debug|Any CPU.Build.0 = Debug|Any CPU
		{B4E16544-5B2A-4BDB-AB48-67DFBE389503}.Release|Any CPU.ActiveCfg = Release|Any CPU
		{B4E16544-5B2A-4BDB-AB48-67DFBE389503}.Release|Any CPU.Build.0 = Release|Any CPU
	EndGlobalSection
	GlobalSection(SolutionProperties) = preSolution
		HideSolutionNode = FALSE
	EndGlobalSection
	GlobalSection(ExtensibilityGlobals) = postSolution
		SolutionGuid = {57878B1C-9D2A-4063-A659-24BD564DB7F4}
	EndGlobalSection
EndGlobal
